github.com/sergeyklay/gohugo-theme-ed v0.8.0 h1:bB9c7lWdYdrlomG3dEqpjd8fVP75GIjAaMA/5pTzvug=
github.com/sergeyklay/gohugo-theme-ed v0.8.0/go.mod h1:1/VLBmJiJUJP93Qwdg2HzJzWq2dfgf6UVnWhAnbouYg=
github.com/sergeyklay/gohugo-theme-ed v0.8.1-0.20250629070421-170d56ea2e17 h1:Tfe4bnhuCL0en3tsd0GQd2vhP20nG/uIilCuf+2qOkQ=
github.com/sergeyklay/gohugo-theme-ed v0.8.1-0.20250629070421-170d56ea2e17/go.mod h1:1/VLBmJiJUJP93Qwdg2HzJzWq2dfgf6UVnWhAnbouYg=
